
Microsoft Visual Studio Solution File, Format Version 12.00
# Visual Studio 2013
VisualStudioVersion = 12.0.40629.0
MinimumVisualStudioVersion = 10.0.40219.1
Project("{2150E333-8FDC-42A3-9474-1A3956D46DE8}") = "Model", "Model", "{1CFC60A2-3574-44F4-A575-77F896423A46}"
EndProject
Project("{2150E333-8FDC-42A3-9474-1A3956D46DE8}") = "Portal", "Portal", "{7A311458-FB1C-4073-9DB9-8AA5AD01731F}"
EndProject
Project("{2150E333-8FDC-42A3-9474-1A3956D46DE8}") = "Repository", "Repository", "{56E4DB8F-97CF-4791-A207-C7C1390BB496}"
EndProject
Project("{2150E333-8FDC-42A3-9474-1A3956D46DE8}") = "Service", "Service", "{9E1F5D18-E8A0-4AD5-B17D-3A14349AC0BA}"
EndProject
Project("{FAE04EC0-301F-11D3-BF4B-00C04F79EFBC}") = "JsPlc.Ssc.PetrolPricing.Portal", "JsPlc.Ssc.PetrolPricing.Portal\JsPlc.Ssc.PetrolPricing.Portal.csproj", "{B51925E6-4E93-4617-906D-A7E313F62826}"
EndProject
Project("{FAE04EC0-301F-11D3-BF4B-00C04F79EFBC}") = "JsPlc.Ssc.PetrolPricing.Models", "JsPlc.Ssc.PetrolPricing.Models\JsPlc.Ssc.PetrolPricing.Models.csproj", "{B9B43A8B-6916-431D-BC1B-6595A1A0F029}"
EndProject
Project("{FAE04EC0-301F-11D3-BF4B-00C04F79EFBC}") = "JsPlc.Ssc.PetrolPricing.Repository", "JsPlc.Ssc.PetrolPricing.Repository\JsPlc.Ssc.PetrolPricing.Repository.csproj", "{B995B495-D846-4EB5-80FB-B55B71028B94}"
EndProject
Project("{FAE04EC0-301F-11D3-BF4B-00C04F79EFBC}") = "JsPlc.Ssc.PetrolPricing.Service", "JsPlc.Ssc.PetrolPricing.Service\JsPlc.Ssc.PetrolPricing.Service.csproj", "{90A5415E-8A42-4AAA-875B-33EEB0FC69B9}"
EndProject
Project("{2150E333-8FDC-42A3-9474-1A3956D46DE8}") = "Business", "Business", "{B907FD54-9786-4026-8386-9829AAC2CE19}"
EndProject
Project("{FAE04EC0-301F-11D3-BF4B-00C04F79EFBC}") = "JsPlc.Ssc.PetrolPricing.Business", "JsPlc.Ssc.PetrolPricing.Business\JsPlc.Ssc.PetrolPricing.Business.csproj", "{479C4815-23D6-4710-8E67-989EEAD6A920}"
EndProject
Project("{2150E333-8FDC-42A3-9474-1A3956D46DE8}") = "Tests", "Tests", "{11BB7463-CA64-40A6-8351-D4F589FBE717}"
EndProject
Project("{FAE04EC0-301F-11D3-BF4B-00C04F79EFBC}") = "JsPlc.Ssc.PetrolPricing.UnitTests", "JsPlc.Ssc.PetrolPricing.UnitTests\JsPlc.Ssc.PetrolPricing.UnitTests.csproj", "{53E8C1A6-6623-4672-807B-A8153FC77F5B}"
EndProject
Project("{FAE04EC0-301F-11D3-BF4B-00C04F79EFBC}") = "JsPlc.Ssc.PetrolPricing.IoC", "JsPlc.Ssc.PetrolPricing.IoC\JsPlc.Ssc.PetrolPricing.IoC.csproj", "{623E947F-5B62-48BE-9315-2DEC07191916}"
EndProject
Project("{2150E333-8FDC-42A3-9474-1A3956D46DE8}") = "Infrastructure", "Infrastructure", "{DA6B378C-798A-4245-B2FC-E48DF524C52F}"
EndProject
Project("{FAE04EC0-301F-11D3-BF4B-00C04F79EFBC}") = "JsPlc.Ssc.PetrolPricing.Core", "JsPlc.Ssc.PetrolPricing.Core\JsPlc.Ssc.PetrolPricing.Core.csproj", "{A63FB2AE-7013-41BA-BB14-082AC91A26B7}"
EndProject
Project("{2150E333-8FDC-42A3-9474-1A3956D46DE8}") = "Databases", "Databases", "{3E4AEEA7-4504-41B4-AB58-F904C8E5AA9A}"
EndProject
Project("{00D1A9C2-B5F0-4AF3-8072-F6C62B433612}") = "PetrolPricingRepository", "JsPlc.Ssc.PetrolPricing.Databases\PetrolPricingRepository\PetrolPricingRepository.sqlproj", "{F5C62B8B-858D-4175-9870-60A25E3A462C}"
EndProject
Project("{00D1A9C2-B5F0-4AF3-8072-F6C62B433612}") = "PetrolPricingLogins", "JsPlc.Ssc.PetrolPricing.Databases\PetrolPricingLogins\PetrolPricingLogins.sqlproj", "{F7D773C3-2274-499C-AED9-B2E2F6466A11}"
EndProject
Project("{FAE04EC0-301F-11D3-BF4B-00C04F79EFBC}") = "JsPlc.Ssc.PetrolPricing.IntegrationTests", "JsPlc.Ssc.PetrolPricing.IntegrationTests\JsPlc.Ssc.PetrolPricing.IntegrationTests.csproj", "{5AB9C051-9D22-4DFB-8489-D1202974E572}"
EndProject
Global
	GlobalSection(SolutionConfigurationPlatforms) = preSolution
		Debug|Any CPU = Debug|Any CPU
		Debug|x64 = Debug|x64
		Debug|x86 = Debug|x86
		Release|Any CPU = Release|Any CPU
		Release|x64 = Release|x64
		Release|x86 = Release|x86
	EndGlobalSection
	GlobalSection(ProjectConfigurationPlatforms) = postSolution
		{B51925E6-4E93-4617-906D-A7E313F62826}.Debug|Any CPU.ActiveCfg = Debug|x64
		{B51925E6-4E93-4617-906D-A7E313F62826}.Debug|Any CPU.Build.0 = Debug|x64
		{B51925E6-4E93-4617-906D-A7E313F62826}.Debug|x64.ActiveCfg = Release|Any CPU
		{B51925E6-4E93-4617-906D-A7E313F62826}.Debug|x64.Build.0 = Release|Any CPU
		{B51925E6-4E93-4617-906D-A7E313F62826}.Debug|x86.ActiveCfg = Release|Any CPU
		{B51925E6-4E93-4617-906D-A7E313F62826}.Debug|x86.Build.0 = Release|Any CPU
		{B51925E6-4E93-4617-906D-A7E313F62826}.Release|Any CPU.ActiveCfg = Release|x86
		{B51925E6-4E93-4617-906D-A7E313F62826}.Release|Any CPU.Build.0 = Release|x86
		{B51925E6-4E93-4617-906D-A7E313F62826}.Release|x64.ActiveCfg = Release|x64
		{B51925E6-4E93-4617-906D-A7E313F62826}.Release|x64.Build.0 = Release|x64
		{B51925E6-4E93-4617-906D-A7E313F62826}.Release|x86.ActiveCfg = Release|x86
		{B51925E6-4E93-4617-906D-A7E313F62826}.Release|x86.Build.0 = Release|x86
		{B9B43A8B-6916-431D-BC1B-6595A1A0F029}.Debug|Any CPU.ActiveCfg = Debug|x64
		{B9B43A8B-6916-431D-BC1B-6595A1A0F029}.Debug|Any CPU.Build.0 = Debug|x64
		{B9B43A8B-6916-431D-BC1B-6595A1A0F029}.Debug|x64.ActiveCfg = Release|Any CPU
		{B9B43A8B-6916-431D-BC1B-6595A1A0F029}.Debug|x64.Build.0 = Release|Any CPU
		{B9B43A8B-6916-431D-BC1B-6595A1A0F029}.Debug|x86.ActiveCfg = Release|Any CPU
		{B9B43A8B-6916-431D-BC1B-6595A1A0F029}.Debug|x86.Build.0 = Release|Any CPU
		{B9B43A8B-6916-431D-BC1B-6595A1A0F029}.Release|Any CPU.ActiveCfg = Release|x86
		{B9B43A8B-6916-431D-BC1B-6595A1A0F029}.Release|Any CPU.Build.0 = Release|x86
		{B9B43A8B-6916-431D-BC1B-6595A1A0F029}.Release|x64.ActiveCfg = Release|x64
		{B9B43A8B-6916-431D-BC1B-6595A1A0F029}.Release|x64.Build.0 = Release|x64
		{B9B43A8B-6916-431D-BC1B-6595A1A0F029}.Release|x86.ActiveCfg = Release|x86
		{B9B43A8B-6916-431D-BC1B-6595A1A0F029}.Release|x86.Build.0 = Release|x86
		{B995B495-D846-4EB5-80FB-B55B71028B94}.Debug|Any CPU.ActiveCfg = Debug|x64
		{B995B495-D846-4EB5-80FB-B55B71028B94}.Debug|Any CPU.Build.0 = Debug|x64
		{B995B495-D846-4EB5-80FB-B55B71028B94}.Debug|x64.ActiveCfg = Release|Any CPU
		{B995B495-D846-4EB5-80FB-B55B71028B94}.Debug|x64.Build.0 = Release|Any CPU
		{B995B495-D846-4EB5-80FB-B55B71028B94}.Debug|x86.ActiveCfg = Release|Any CPU
		{B995B495-D846-4EB5-80FB-B55B71028B94}.Debug|x86.Build.0 = Release|Any CPU
		{B995B495-D846-4EB5-80FB-B55B71028B94}.Release|Any CPU.ActiveCfg = Release|x86
		{B995B495-D846-4EB5-80FB-B55B71028B94}.Release|Any CPU.Build.0 = Release|x86
		{B995B495-D846-4EB5-80FB-B55B71028B94}.Release|x64.ActiveCfg = Release|x64
		{B995B495-D846-4EB5-80FB-B55B71028B94}.Release|x64.Build.0 = Release|x64
		{B995B495-D846-4EB5-80FB-B55B71028B94}.Release|x86.ActiveCfg = Release|x86
		{B995B495-D846-4EB5-80FB-B55B71028B94}.Release|x86.Build.0 = Release|x86
		{90A5415E-8A42-4AAA-875B-33EEB0FC69B9}.Debug|Any CPU.ActiveCfg = Debug|x64
		{90A5415E-8A42-4AAA-875B-33EEB0FC69B9}.Debug|Any CPU.Build.0 = Debug|x64
		{90A5415E-8A42-4AAA-875B-33EEB0FC69B9}.Debug|x64.ActiveCfg = Release|Any CPU
		{90A5415E-8A42-4AAA-875B-33EEB0FC69B9}.Debug|x64.Build.0 = Release|Any CPU
		{90A5415E-8A42-4AAA-875B-33EEB0FC69B9}.Debug|x86.ActiveCfg = Release|Any CPU
		{90A5415E-8A42-4AAA-875B-33EEB0FC69B9}.Debug|x86.Build.0 = Release|Any CPU
		{90A5415E-8A42-4AAA-875B-33EEB0FC69B9}.Release|Any CPU.ActiveCfg = Release|x86
		{90A5415E-8A42-4AAA-875B-33EEB0FC69B9}.Release|Any CPU.Build.0 = Release|x86
		{90A5415E-8A42-4AAA-875B-33EEB0FC69B9}.Release|x64.ActiveCfg = Release|x64
		{90A5415E-8A42-4AAA-875B-33EEB0FC69B9}.Release|x64.Build.0 = Release|x64
		{90A5415E-8A42-4AAA-875B-33EEB0FC69B9}.Release|x86.ActiveCfg = Release|x86
		{90A5415E-8A42-4AAA-875B-33EEB0FC69B9}.Release|x86.Build.0 = Release|x86
		{479C4815-23D6-4710-8E67-989EEAD6A920}.Debug|Any CPU.ActiveCfg = Debug|x64
		{479C4815-23D6-4710-8E67-989EEAD6A920}.Debug|Any CPU.Build.0 = Debug|x64
		{479C4815-23D6-4710-8E67-989EEAD6A920}.Debug|x64.ActiveCfg = Release|Any CPU
		{479C4815-23D6-4710-8E67-989EEAD6A920}.Debug|x64.Build.0 = Release|Any CPU
		{479C4815-23D6-4710-8E67-989EEAD6A920}.Debug|x86.ActiveCfg = Release|Any CPU
		{479C4815-23D6-4710-8E67-989EEAD6A920}.Debug|x86.Build.0 = Release|Any CPU
		{479C4815-23D6-4710-8E67-989EEAD6A920}.Release|Any CPU.ActiveCfg = Release|x86
		{479C4815-23D6-4710-8E67-989EEAD6A920}.Release|Any CPU.Build.0 = Release|x86
		{479C4815-23D6-4710-8E67-989EEAD6A920}.Release|x64.ActiveCfg = Release|x64
		{479C4815-23D6-4710-8E67-989EEAD6A920}.Release|x64.Build.0 = Release|x64
		{479C4815-23D6-4710-8E67-989EEAD6A920}.Release|x86.ActiveCfg = Release|x86
		{479C4815-23D6-4710-8E67-989EEAD6A920}.Release|x86.Build.0 = Release|x86
		{53E8C1A6-6623-4672-807B-A8153FC77F5B}.Debug|Any CPU.ActiveCfg = Debug|x64
		{53E8C1A6-6623-4672-807B-A8153FC77F5B}.Debug|Any CPU.Build.0 = Debug|x64
		{53E8C1A6-6623-4672-807B-A8153FC77F5B}.Debug|x64.ActiveCfg = Release|Any CPU
		{53E8C1A6-6623-4672-807B-A8153FC77F5B}.Debug|x64.Build.0 = Release|Any CPU
		{53E8C1A6-6623-4672-807B-A8153FC77F5B}.Debug|x86.ActiveCfg = Release|Any CPU
		{53E8C1A6-6623-4672-807B-A8153FC77F5B}.Debug|x86.Build.0 = Release|Any CPU
		{53E8C1A6-6623-4672-807B-A8153FC77F5B}.Release|Any CPU.ActiveCfg = Release|x86
		{53E8C1A6-6623-4672-807B-A8153FC77F5B}.Release|Any CPU.Build.0 = Release|x86
		{53E8C1A6-6623-4672-807B-A8153FC77F5B}.Release|x64.ActiveCfg = Release|x64
		{53E8C1A6-6623-4672-807B-A8153FC77F5B}.Release|x64.Build.0 = Release|x64
		{53E8C1A6-6623-4672-807B-A8153FC77F5B}.Release|x86.ActiveCfg = Release|x86
		{53E8C1A6-6623-4672-807B-A8153FC77F5B}.Release|x86.Build.0 = Release|x86
		{623E947F-5B62-48BE-9315-2DEC07191916}.Debug|Any CPU.ActiveCfg = Debug|x64
		{623E947F-5B62-48BE-9315-2DEC07191916}.Debug|Any CPU.Build.0 = Debug|x64
		{623E947F-5B62-48BE-9315-2DEC07191916}.Debug|x64.ActiveCfg = Release|Any CPU
		{623E947F-5B62-48BE-9315-2DEC07191916}.Debug|x64.Build.0 = Release|Any CPU
		{623E947F-5B62-48BE-9315-2DEC07191916}.Debug|x86.ActiveCfg = Release|Any CPU
		{623E947F-5B62-48BE-9315-2DEC07191916}.Debug|x86.Build.0 = Release|Any CPU
		{623E947F-5B62-48BE-9315-2DEC07191916}.Release|Any CPU.ActiveCfg = Release|x86
		{623E947F-5B62-48BE-9315-2DEC07191916}.Release|Any CPU.Build.0 = Release|x86
		{623E947F-5B62-48BE-9315-2DEC07191916}.Release|x64.ActiveCfg = Release|x64
		{623E947F-5B62-48BE-9315-2DEC07191916}.Release|x64.Build.0 = Release|x64
		{623E947F-5B62-48BE-9315-2DEC07191916}.Release|x86.ActiveCfg = Release|x86
		{623E947F-5B62-48BE-9315-2DEC07191916}.Release|x86.Build.0 = Release|x86
		{A63FB2AE-7013-41BA-BB14-082AC91A26B7}.Debug|Any CPU.ActiveCfg = Debug|x64
		{A63FB2AE-7013-41BA-BB14-082AC91A26B7}.Debug|Any CPU.Build.0 = Debug|x64
		{A63FB2AE-7013-41BA-BB14-082AC91A26B7}.Debug|x64.ActiveCfg = Release|x64
		{A63FB2AE-7013-41BA-BB14-082AC91A26B7}.Debug|x64.Build.0 = Release|x64
		{A63FB2AE-7013-41BA-BB14-082AC91A26B7}.Debug|x86.ActiveCfg = Release|Any CPU
		{A63FB2AE-7013-41BA-BB14-082AC91A26B7}.Debug|x86.Build.0 = Release|Any CPU
		{A63FB2AE-7013-41BA-BB14-082AC91A26B7}.Release|Any CPU.ActiveCfg = Release|x86
		{A63FB2AE-7013-41BA-BB14-082AC91A26B7}.Release|Any CPU.Build.0 = Release|x86
		{A63FB2AE-7013-41BA-BB14-082AC91A26B7}.Release|x64.ActiveCfg = Release|x64
		{A63FB2AE-7013-41BA-BB14-082AC91A26B7}.Release|x64.Build.0 = Release|x64
		{A63FB2AE-7013-41BA-BB14-082AC91A26B7}.Release|x86.ActiveCfg = Release|x86
		{A63FB2AE-7013-41BA-BB14-082AC91A26B7}.Release|x86.Build.0 = Release|x86
		{F5C62B8B-858D-4175-9870-60A25E3A462C}.Debug|Any CPU.ActiveCfg = Debug|x64
		{F5C62B8B-858D-4175-9870-60A25E3A462C}.Debug|Any CPU.Build.0 = Debug|x64
		{F5C62B8B-858D-4175-9870-60A25E3A462C}.Debug|Any CPU.Deploy.0 = Debug|x64
		{F5C62B8B-858D-4175-9870-60A25E3A462C}.Debug|x64.ActiveCfg = Release|Any CPU
		{F5C62B8B-858D-4175-9870-60A25E3A462C}.Debug|x64.Build.0 = Release|Any CPU
		{F5C62B8B-858D-4175-9870-60A25E3A462C}.Debug|x86.ActiveCfg = Debug|Any CPU
		{F5C62B8B-858D-4175-9870-60A25E3A462C}.Release|Any CPU.ActiveCfg = Release|x86
		{F5C62B8B-858D-4175-9870-60A25E3A462C}.Release|Any CPU.Build.0 = Release|x86
		{F5C62B8B-858D-4175-9870-60A25E3A462C}.Release|Any CPU.Deploy.0 = Release|x86
		{F5C62B8B-858D-4175-9870-60A25E3A462C}.Release|x64.ActiveCfg = Release|x64
		{F5C62B8B-858D-4175-9870-60A25E3A462C}.Release|x64.Build.0 = Release|x64
		{F5C62B8B-858D-4175-9870-60A25E3A462C}.Release|x64.Deploy.0 = Release|x64
		{F5C62B8B-858D-4175-9870-60A25E3A462C}.Release|x86.ActiveCfg = Release|x86
		{F5C62B8B-858D-4175-9870-60A25E3A462C}.Release|x86.Build.0 = Release|x86
		{F5C62B8B-858D-4175-9870-60A25E3A462C}.Release|x86.Deploy.0 = Release|x86
		{F7D773C3-2274-499C-AED9-B2E2F6466A11}.Debug|Any CPU.ActiveCfg = Debug|x64
		{F7D773C3-2274-499C-AED9-B2E2F6466A11}.Debug|Any CPU.Build.0 = Debug|x64
		{F7D773C3-2274-499C-AED9-B2E2F6466A11}.Debug|Any CPU.Deploy.0 = Debug|x64
		{F7D773C3-2274-499C-AED9-B2E2F6466A11}.Debug|x64.ActiveCfg = Release|Any CPU
		{F7D773C3-2274-499C-AED9-B2E2F6466A11}.Debug|x64.Build.0 = Release|Any CPU
		{F7D773C3-2274-499C-AED9-B2E2F6466A11}.Debug|x86.ActiveCfg = Debug|Any CPU
		{F7D773C3-2274-499C-AED9-B2E2F6466A11}.Release|Any CPU.ActiveCfg = Release|x86
		{F7D773C3-2274-499C-AED9-B2E2F6466A11}.Release|Any CPU.Build.0 = Release|x86
		{F7D773C3-2274-499C-AED9-B2E2F6466A11}.Release|Any CPU.Deploy.0 = Release|x86
		{F7D773C3-2274-499C-AED9-B2E2F6466A11}.Release|x64.ActiveCfg = Release|x64
		{F7D773C3-2274-499C-AED9-B2E2F6466A11}.Release|x64.Build.0 = Release|x64
		{F7D773C3-2274-499C-AED9-B2E2F6466A11}.Release|x64.Deploy.0 = Release|x64
		{F7D773C3-2274-499C-AED9-B2E2F6466A11}.Release|x86.ActiveCfg = Release|x86
		{F7D773C3-2274-499C-AED9-B2E2F6466A11}.Release|x86.Build.0 = Release|x86
		{F7D773C3-2274-499C-AED9-B2E2F6466A11}.Release|x86.Deploy.0 = Release|x86
		{5AB9C051-9D22-4DFB-8489-D1202974E572}.Debug|Any CPU.ActiveCfg = Debug|Any CPU
		{5AB9C051-9D22-4DFB-8489-D1202974E572}.Debug|Any CPU.Build.0 = Debug|Any CPU
		{5AB9C051-9D22-4DFB-8489-D1202974E572}.Debug|x64.ActiveCfg = Debug|Any CPU
		{5AB9C051-9D22-4DFB-8489-D1202974E572}.Debug|x86.ActiveCfg = Debug|Any CPU
		{5AB9C051-9D22-4DFB-8489-D1202974E572}.Release|Any CPU.ActiveCfg = Release|Any CPU
		{5AB9C051-9D22-4DFB-8489-D1202974E572}.Release|Any CPU.Build.0 = Release|Any CPU
		{5AB9C051-9D22-4DFB-8489-D1202974E572}.Release|x64.ActiveCfg = Release|Any CPU
		{5AB9C051-9D22-4DFB-8489-D1202974E572}.Release|x86.ActiveCfg = Release|Any CPU
	EndGlobalSection
	GlobalSection(SolutionProperties) = preSolution
		HideSolutionNode = FALSE
	EndGlobalSection
	GlobalSection(NestedProjects) = preSolution
		{B51925E6-4E93-4617-906D-A7E313F62826} = {7A311458-FB1C-4073-9DB9-8AA5AD01731F}
		{B9B43A8B-6916-431D-BC1B-6595A1A0F029} = {1CFC60A2-3574-44F4-A575-77F896423A46}
		{B995B495-D846-4EB5-80FB-B55B71028B94} = {56E4DB8F-97CF-4791-A207-C7C1390BB496}
		{90A5415E-8A42-4AAA-875B-33EEB0FC69B9} = {9E1F5D18-E8A0-4AD5-B17D-3A14349AC0BA}
		{479C4815-23D6-4710-8E67-989EEAD6A920} = {B907FD54-9786-4026-8386-9829AAC2CE19}
		{53E8C1A6-6623-4672-807B-A8153FC77F5B} = {11BB7463-CA64-40A6-8351-D4F589FBE717}
		{623E947F-5B62-48BE-9315-2DEC07191916} = {DA6B378C-798A-4245-B2FC-E48DF524C52F}
		{A63FB2AE-7013-41BA-BB14-082AC91A26B7} = {DA6B378C-798A-4245-B2FC-E48DF524C52F}
		{F5C62B8B-858D-4175-9870-60A25E3A462C} = {3E4AEEA7-4504-41B4-AB58-F904C8E5AA9A}
		{F7D773C3-2274-499C-AED9-B2E2F6466A11} = {3E4AEEA7-4504-41B4-AB58-F904C8E5AA9A}
		{5AB9C051-9D22-4DFB-8489-D1202974E572} = {11BB7463-CA64-40A6-8351-D4F589FBE717}
	EndGlobalSection
EndGlobal
